{
  "version": 4,
  "terraform_version": "1.1.7",
  "serial": 10,
  "lineage": "189c19c3-9de0-19de-5076-d62a3cba0dce",
  "outputs": {},
  "resources": [
    {
      "mode": "managed",
      "type": "digitalocean_droplet",
      "name": "kafka",
      "provider": "provider[\"registry.terraform.io/digitalocean/digitalocean\"]",
      "instances": [
        {
          "schema_version": 1,
          "attributes": {
            "backups": false,
            "created_at": "2023-02-19T03:52:36Z",
            "disk": 160,
            "droplet_agent": null,
            "graceful_shutdown": false,
            "id": "341559155",
            "image": "ubuntu-20-04-x64",
            "ipv4_address": "143.198.193.68",
            "ipv4_address_private": "10.104.0.3",
            "ipv6": false,
            "ipv6_address": "",
            "locked": false,
            "memory": 8192,
            "monitoring": false,
            "name": "giang-kafka",
            "price_hourly": 0.07143,
            "price_monthly": 48,
            "private_networking": true,
            "region": "sgp1",
            "resize_disk": true,
            "size": "s-4vcpu-8gb",
            "ssh_keys": null,
            "status": "active",
            "tags": [],
            "timeouts": null,
            "urn": "do:droplet:341559155",
            "user_data": null,
            "vcpus": 4,
            "volume_ids": [],
            "vpc_uuid": "4aebd754-9424-4bb7-bbb6-4c1c9cb3374c"
          },
          "sensitive_attributes": [],
          "private": "eyJlMmJmYjczMC1lY2FhLTExZTYtOGY4OC0zNDM2M2JjN2M0YzAiOnsiY3JlYXRlIjozNjAwMDAwMDAwMDAwLCJkZWxldGUiOjYwMDAwMDAwMDAwLCJ1cGRhdGUiOjM2MDAwMDAwMDAwMDB9LCJzY2hlbWFfdmVyc2lvbiI6IjEifQ=="
        }
      ]
    },
    {
      "mode": "managed",
      "type": "digitalocean_ssh_key",
      "name": "default",
      "provider": "provider[\"registry.terraform.io/digitalocean/digitalocean\"]",
      "instances": [
        {
          "schema_version": 0,
          "attributes": {
            "fingerprint": "7a:17:10:4a:8e:64:53:5b:34:af:c2:8e:2f:8c:54:d3",
            "id": "37572235",
            "name": "terraform-training",
            "public_key": "ssh-rsa AAAAB3NzaC1yc2EAAAADAQABAAABgQC0kpiKbXVfaHeNGEIPa2SmWXNfEV52D3mxoM1pwcydcOpP0u9eCi2S4BlxCFXFp5TBA16eTPf8Uj1VWUgNayUHL5QV/2XBwbJz4veARv4XhBL4sGNoMl5q1d6+0qd9ywyvuka0HnKJe8U97LNVE26rIhGOUvkHNxsgXW7mSxv/h3YoDMEUZ8uKwP4gE96fVTkpABmCw6WU/+hkqVFdFWTYV8fe1aovZTqo09H8L30yo44Kl1M6eXBOKCxmWsonikMobZKSTV8H9r1ggOcEnxeWGMrPTZDMu8jZ2N4/DbLdGq7B6ARd7EZQfdDnP7Xd8KV44FRsMkStEPIY7e0j8HGdU5a0qVULwWu7wWoWQHa5tYYE2pFxc8g9791eVolCEAqokxU7BiZ8vGUQI2bEn3EwjUbGS9mmYIASCTvobjrGUrl4fJxgouLhyDK8/ho7cw790UH2lWqfKwzwk0kz4Lj7RRRUjj4l5mEb89hhj3VP5Xya/acKJoNEFnCy8MdkVHk= udt01_2022@UDTs-Mac-mini.local\n"
          },
          "sensitive_attributes": [],
          "private": "bnVsbA=="
        }
      ]
    }
  ]
}
