{
  "version": 4,
  "terraform_version": "1.1.7",
  "serial": 8,
  "lineage": "189c19c3-9de0-19de-5076-d62a3cba0dce",
  "outputs": {},
  "resources": [
    {
      "mode": "managed",
      "type": "digitalocean_droplet",
      "name": "kafka",
      "provider": "provider[\"registry.terraform.io/digitalocean/digitalocean\"]",
      "instances": [
        {
          "schema_version": 1,
          "attributes": {
            "backups": false,
            "created_at": "2023-02-19T03:52:36Z",
            "disk": 160,
            "droplet_agent": null,
            "graceful_shutdown": false,
            "id": "341559155",
            "image": "ubuntu-20-04-x64",
            "ipv4_address": "143.198.193.68",
            "ipv4_address_private": "10.104.0.3",
            "ipv6": false,
            "ipv6_address": "",
            "locked": false,
            "memory": 8192,
            "monitoring": false,
            "name": "giang-kafka",
            "price_hourly": 0.07143,
            "price_monthly": 48,
            "private_networking": true,
            "region": "sgp1",
            "resize_disk": true,
            "size": "s-4vcpu-8gb",
            "ssh_keys": null,
            "status": "active",
            "tags": [],
            "timeouts": null,
            "urn": "do:droplet:341559155",
            "user_data": null,
            "vcpus": 4,
            "volume_ids": [],
            "vpc_uuid": "4aebd754-9424-4bb7-bbb6-4c1c9cb3374c"
          },
          "sensitive_attributes": [],
          "private": "eyJlMmJmYjczMC1lY2FhLTExZTYtOGY4OC0zNDM2M2JjN2M0YzAiOnsiY3JlYXRlIjozNjAwMDAwMDAwMDAwLCJkZWxldGUiOjYwMDAwMDAwMDAwLCJ1cGRhdGUiOjM2MDAwMDAwMDAwMDB9LCJzY2hlbWFfdmVyc2lvbiI6IjEifQ=="
        }
      ]
    }
  ]
}
